
Microsoft Visual Studio Solution File, Format Version 12.00
# Visual Studio Version 16
VisualStudioVersion = 16.0.29424.173
MinimumVisualStudioVersion = 10.0.40219.1
Project("{FAE04EC0-301F-11D3-BF4B-00C04F79EFBC}") = "Gasolina", "Gasolina\Gasolina.csproj", "{F047AF5A-3686-456D-9BF6-5D585977CA68}"
EndProject
Global
	GlobalSection(SolutionConfigurationPlatforms) = preSolution
		Debug|Any CPU = Debug|Any CPU
		Release|Any CPU = Release|Any CPU
	EndGlobalSection
	GlobalSection(ProjectConfigurationPlatforms) = postSolution
		{F047AF5A-3686-456D-9BF6-5D585977CA68}.Debug|Any CPU.ActiveCfg = Debug|Any CPU
		{F047AF5A-3686-456D-9BF6-5D585977CA68}.Debug|Any CPU.Build.0 = Debug|Any CPU
		{F047AF5A-3686-456D-9BF6-5D585977CA68}.Release|Any CPU.ActiveCfg = Release|Any CPU
		{F047AF5A-3686-456D-9BF6-5D585977CA68}.Release|Any CPU.Build.0 = Release|Any CPU
	EndGlobalSection
	GlobalSection(SolutionProperties) = preSolution
		HideSolutionNode = FALSE
	EndGlobalSection
	GlobalSection(ExtensibilityGlobals) = postSolution
		SolutionGuid = {29900A51-D5EF-4405-87A5-ACCB7E6F344F}
	EndGlobalSection
EndGlobal
